
Microsoft Visual Studio Solution File, Format Version 12.00
# Visual Studio Version 17
VisualStudioVersion = 17.6.33815.320
MinimumVisualStudioVersion = 10.0.40219.1
Project("{9A19103F-16F7-4668-BE54-9A1E7A4F7556}") = "193089", "193089\193089.csproj", "{91B1AC25-F0DC-4401-923C-B8926910EEB3}"
EndProject
Project("{FAE04EC0-301F-11D3-BF4B-00C04F79EFBC}") = "193089.Domain", "193089.Domain\193089.Domain.csproj", "{2E459436-BC3F-496B-A45F-025CEFD96E95}"
EndProject
Project("{FAE04EC0-301F-11D3-BF4B-00C04F79EFBC}") = "193089.Repository", "193089.Repository\193089.Repository.csproj", "{182D9A22-79DB-41C8-B2B9-C0F1DE83975D}"
EndProject
Project("{FAE04EC0-301F-11D3-BF4B-00C04F79EFBC}") = "193089.Service", "193089.Service\193089.Service.csproj", "{72A9A982-B863-437A-8AF8-A96123293D18}"
EndProject
Global
	GlobalSection(SolutionConfigurationPlatforms) = preSolution
		Debug|Any CPU = Debug|Any CPU
		Release|Any CPU = Release|Any CPU
	EndGlobalSection
	GlobalSection(ProjectConfigurationPlatforms) = postSolution
		{91B1AC25-F0DC-4401-923C-B8926910EEB3}.Debug|Any CPU.ActiveCfg = Debug|Any CPU
		{91B1AC25-F0DC-4401-923C-B8926910EEB3}.Debug|Any CPU.Build.0 = Debug|Any CPU
		{91B1AC25-F0DC-4401-923C-B8926910EEB3}.Release|Any CPU.ActiveCfg = Release|Any CPU
		{91B1AC25-F0DC-4401-923C-B8926910EEB3}.Release|Any CPU.Build.0 = Release|Any CPU
		{2E459436-BC3F-496B-A45F-025CEFD96E95}.Debug|Any CPU.ActiveCfg = Debug|Any CPU
		{2E459436-BC3F-496B-A45F-025CEFD96E95}.Debug|Any CPU.Build.0 = Debug|Any CPU
		{2E459436-BC3F-496B-A45F-025CEFD96E95}.Release|Any CPU.ActiveCfg = Release|Any CPU
		{2E459436-BC3F-496B-A45F-025CEFD96E95}.Release|Any CPU.Build.0 = Release|Any CPU
		{182D9A22-79DB-41C8-B2B9-C0F1DE83975D}.Debug|Any CPU.ActiveCfg = Debug|Any CPU
		{182D9A22-79DB-41C8-B2B9-C0F1DE83975D}.Debug|Any CPU.Build.0 = Debug|Any CPU
		{182D9A22-79DB-41C8-B2B9-C0F1DE83975D}.Release|Any CPU.ActiveCfg = Release|Any CPU
		{182D9A22-79DB-41C8-B2B9-C0F1DE83975D}.Release|Any CPU.Build.0 = Release|Any CPU
		{72A9A982-B863-437A-8AF8-A96123293D18}.Debug|Any CPU.ActiveCfg = Debug|Any CPU
		{72A9A982-B863-437A-8AF8-A96123293D18}.Debug|Any CPU.Build.0 = Debug|Any CPU
		{72A9A982-B863-437A-8AF8-A96123293D18}.Release|Any CPU.ActiveCfg = Release|Any CPU
		{72A9A982-B863-437A-8AF8-A96123293D18}.Release|Any CPU.Build.0 = Release|Any CPU
	EndGlobalSection
	GlobalSection(SolutionProperties) = preSolution
		HideSolutionNode = FALSE
	EndGlobalSection
	GlobalSection(ExtensibilityGlobals) = postSolution
		SolutionGuid = {F89D4FAE-9DAB-485E-8550-5DB87EC75B67}
	EndGlobalSection
EndGlobal
